<?xml version="1.0" encoding="utf-8"?>
<Project ToolsVersion="4.0" xmlns="http://schemas.microsoft.com/developer/msbuild/2003">
  <ItemGroup>
    <Filter Include="Source Files">
      <UniqueIdentifier>{4FC737F1-C7A5-4376-A066-2A32D752A2FF}</UniqueIdentifier>
      <Extensions>cpp;c;cc;cxx;c++;cppm;ixx;def;odl;idl;hpj;bat;asm;asmx</Extensions>
    </Filter>
    <Filter Include="Header Files">
      <UniqueIdentifier>{93995380-89BD-4b04-88EB-625FBE52EBFB}</UniqueIdentifier>
      <Extensions>h;hh;hpp;hxx;h++;hm;inl;inc;ipp;xsd</Extensions>
    </Filter>
    <Filter Include="Resource Files">
      <UniqueIdentifier>{67DA6AB6-F800-4c08-8B7A-83BB121AAD01}</UniqueIdentifier>
      <Extensions>rc;ico;cur;bmp;dlg;rc2;rct;bin;rgs;gif;jpg;jpeg;jpe;resx;tiff;tif;png;wav;mfcribbon-ms</Extensions>
    </Filter>
  </ItemGroup>
  <ItemGroup>
    <ClCompile Include="src\engine.cpp">
      <Filter>Source Files</Filter>
    </ClCompile>
    <ClCompile Include="src\window.cpp">
      <Filter>Source Files</Filter>
    </ClCompile>
    <ClCompile Include="src\entity.cpp">
      <Filter>Source Files</Filter>
    </ClCompile>
    <ClCompile Include="src\glad.c">
      <Filter>Source Files</Filter>
    </ClCompile>
    <ClCompile Include="src\imgui.cpp">
      <Filter>Source Files</Filter>
    </ClCompile>
    <ClCompile Include="vendors\imgui\imgui_demo.cpp">
      <Filter>Source Files</Filter>
    </ClCompile>
    <ClCompile Include="src\imgui_draw.cpp">
      <Filter>Source Files</Filter>
    </ClCompile>
    <ClCompile Include="src\imgui_tables.cpp">
      <Filter>Source Files</Filter>
    </ClCompile>
    <ClCompile Include="src\imgui_widgets.cpp">
      <Filter>Source Files</Filter>
    </ClCompile>
    <ClCompile Include="src\imgui_impl_opengl3.cpp">
      <Filter>Source Files</Filter>
    </ClCompile>
    <ClCompile Include="src\imgui_impl_glfw.cpp">
      <Filter>Source Files</Filter>
    </ClCompile>
    <ClCompile Include="src\asset_path.cpp">
      <Filter>Source Files</Filter>
    </ClCompile>
    <ClCompile Include="src\globalVar.cpp">
      <Filter>Source Files</Filter>
    </ClCompile>
    <ClCompile Include="src\textures.cpp">
      <Filter>Source Files</Filter>
    </ClCompile>
    <ClCompile Include="src\shader.cpp">
      <Filter>Source Files</Filter>
    </ClCompile>
    <ClCompile Include="src\Camera\Camera.cpp">
      <Filter>Source Files</Filter>
    </ClCompile>
    <ClCompile Include="src\Input\EditorInput.cpp">
      <Filter>Source Files</Filter>
    </ClCompile>
    <ClCompile Include="src\texture_utils.cpp">
      <Filter>Source Files</Filter>
    </ClCompile>
  </ItemGroup>
  <ItemGroup>
    <ClInclude Include="include\engine.h">
      <Filter>Header Files</Filter>
    </ClInclude>
    <ClInclude Include="include\log.h">
      <Filter>Header Files</Filter>
    </ClInclude>
    <ClInclude Include="include\window.h">
      <Filter>Header Files</Filter>
    </ClInclude>
    <ClInclude Include="include\entity.h">
      <Filter>Header Files</Filter>
    </ClInclude>
    <ClInclude Include="vendors\imgui\imconfig.h">
      <Filter>Header Files</Filter>
    </ClInclude>
    <ClInclude Include="vendors\imgui\imgui.h">
      <Filter>Header Files</Filter>
    </ClInclude>
    <ClInclude Include="vendors\imgui\imgui_impl_glfw.h">
      <Filter>Header Files</Filter>
    </ClInclude>
    <ClInclude Include="vendors\imgui\imgui_impl_opengl3.h">
      <Filter>Header Files</Filter>
    </ClInclude>
    <ClInclude Include="vendors\imgui\imgui_impl_opengl3_loader.h">
      <Filter>Header Files</Filter>
    </ClInclude>
    <ClInclude Include="vendors\imgui\imgui_internal.h">
      <Filter>Header Files</Filter>
    </ClInclude>
    <ClInclude Include="vendors\imgui\ImGuiAF.h">
      <Filter>Header Files</Filter>
    </ClInclude>
    <ClInclude Include="vendors\imgui\imstb_rectpack.h">
      <Filter>Header Files</Filter>
    </ClInclude>
    <ClInclude Include="vendors\imgui\imstb_textedit.h">
      <Filter>Header Files</Filter>
    </ClInclude>
    <ClInclude Include="vendors\imgui\imstb_truetype.h">
      <Filter>Header Files</Filter>
    </ClInclude>
    <ClInclude Include="vendors\stb\stb_image.h">
      <Filter>Header Files</Filter>
    </ClInclude>
    <ClInclude Include="vendors\stb\stb_image2.h">
      <Filter>Header Files</Filter>
    </ClInclude>
    <ClInclude Include="include\asset_path.h">
      <Filter>Header Files</Filter>
    </ClInclude>
    <ClInclude Include="include\globalVar.h">
      <Filter>Header Files</Filter>
    </ClInclude>
    <ClInclude Include="include\textures.h">
      <Filter>Header Files</Filter>
    </ClInclude>
    <ClInclude Include="include\shader.h">
      <Filter>Header Files</Filter>
    </ClInclude>
    <ClInclude Include="src\Camera\Camera.h">
      <Filter>Header Files</Filter>
    </ClInclude>
    <ClInclude Include="src\Input\EditorInput.h">
      <Filter>Header Files</Filter>
    </ClInclude>
  </ItemGroup>
  <ItemGroup>
    <Library Include="lib\engine.lib" />
  </ItemGroup>
  <ItemGroup>
    <Font Include="assets\fonts\comic.ttf" />
  </ItemGroup>
  <ItemGroup>
    <Image Include="assets\textures\icons\Icon.png">
      <Filter>Resource Files</Filter>
    </Image>
  </ItemGroup>
  <ItemGroup>
    <None Include="Shaders\default.frag" />
    <None Include="Shaders\default.vert" />
  </ItemGroup>
</Project>